// !$*UTF8*$!
{
	archiveVersion = 1;
	classes = {
	};
	objectVersion = 77;
	objects = {

/* Begin PBXBuildFile section */
		5D59CD5D2FC097DF00CBF713 /* timetableApp.swift in Sources */ = {isa = PBXBuildFile; fileRef = 5D59CD5A2FC097DF00CBF713 /* timetableApp.swift */; };
		5D59CD5E2FC097DF00CBF713 /* Assets.xcassets in Resources */ = {isa = PBXBuildFile; fileRef = 5D59CD572FC097DF00CBF713 /* Assets.xcassets */; };
		5D59CD622FC0A4DA00CBF713 /* ScheduleScreen.swift in Sources */ = {isa = PBXBuildFile; fileRef = 5D59CD612FC0A4DA00CBF713 /* ScheduleScreen.swift */; };
		5D59CD662FC0A54000CBF713 /* EventCard.swift in Sources */ = {isa = PBXBuildFile; fileRef = 5D59CD652FC0A54000CBF713 /* EventCard.swift */; };
		5D59CD692FC0A59800CBF713 /* WeekDateBar.swift in Sources */ = {isa = PBXBuildFile; fileRef = 5D59CD682FC0A59800CBF713 /* WeekDateBar.swift */; };
		5D59CD6B2FC0A5A400CBF713 /* TimeAxis.swift in Sources */ = {isa = PBXBuildFile; fileRef = 5D59CD6A2FC0A5A400CBF713 /* TimeAxis.swift */; };
		5D59CD6E2FC0A66300CBF713 /* AppColors.swift in Sources */ = {isa = PBXBuildFile; fileRef = 5D59CD6D2FC0A66300CBF713 /* AppColors.swift */; };
		5D59CD762FC0A7F800CBF713 /* AppFonts.swift in Sources */ = {isa = PBXBuildFile; fileRef = 5D59CD752FC0A7F800CBF713 /* AppFonts.swift */; };
		5D59CD792FC0A80C00CBF713 /* AppSpacing.swift in Sources */ = {isa = PBXBuildFile; fileRef = 5D59CD782FC0A80C00CBF713 /* AppSpacing.swift */; };
		5D59CD7C2FC0A8D400CBF713 /* CircleIconButton.swift in Sources */ = {isa = PBXBuildFile; fileRef = 5D59CD7B2FC0A8D400CBF713 /* CircleIconButton.swift */; };
		5D59CD7E2FC0A8E600CBF713 /* EmptySlotCard.swift in Sources */ = {isa = PBXBuildFile; fileRef = 5D59CD7D2FC0A8E600CBF713 /* EmptySlotCard.swift */; };
		5D59CD812FC0A8FA00CBF713 /* DateCell.swift in Sources */ = {isa = PBXBuildFile; fileRef = 5D59CD802FC0A8FA00CBF713 /* DateCell.swift */; };
		5D59CD832FC0A92300CBF713 /* TimeAxisCell.swift in Sources */ = {isa = PBXBuildFile; fileRef = 5D59CD822FC0A92300CBF713 /* TimeAxisCell.swift */; };
		5D59CD852FC0A95300CBF713 /* BottomToggleBar.swift in Sources */ = {isa = PBXBuildFile; fileRef = 5D59CD842FC0A95300CBF713 /* BottomToggleBar.swift */; };
		5DA2BA622FD102E900989582 /* MiSans-Medium.ttf in Resources */ = {isa = PBXBuildFile; fileRef = 5DA2BA612FD102E900989582 /* MiSans-Medium.ttf */; };
		5DA2BA642FD1030700989582 /* MiSans-Regular.ttf in Resources */ = {isa = PBXBuildFile; fileRef = 5DA2BA632FD1030700989582 /* MiSans-Regular.ttf */; };
		5DBE16DA2FBDDE94001F539B /* CourseCard.swift in Sources */ = {isa = PBXBuildFile; fileRef = 5DBE16D92FBDDE94001F539B /* CourseCard.swift */; };
		5DBE16DC2FBEA512001F539B /* TopHeader.swift in Sources */ = {isa = PBXBuildFile; fileRef = 5DBE16DB2FBEA512001F539B /* TopHeader.swift */; };
		5DBE16E12FBEA600001F539B /* Course.swift in Sources */ = {isa = PBXBuildFile; fileRef = 5DBE16DE2FBEA600001F539B /* Course.swift */; };
		5DBE16E22FBEA600001F539B /* ScheduleEvent.swift in Sources */ = {isa = PBXBuildFile; fileRef = 5DBE16DF2FBEA600001F539B /* ScheduleEvent.swift */; };
		5DBE16E32FBEA600001F539B /* MockData.swift in Sources */ = {isa = PBXBuildFile; fileRef = 5DBE16E02FBEA600001F539B /* MockData.swift */; };
		5DBE16E42FBEA600001F539B /* TimetableConfig.swift in Sources */ = {isa = PBXBuildFile; fileRef = 5DBE16E52FBEA600001F539B /* TimetableConfig.swift */; };
		5DBE16E62FBEA600001F539B /* TimeMapper.swift in Sources */ = {isa = PBXBuildFile; fileRef = 5DBE16E72FBEA600001F539B /* TimeMapper.swift */; };
		5DBE16E92FBEA600001F539B /* CardCornerRadius.swift in Sources */ = {isa = PBXBuildFile; fileRef = 5DBE16EA2FBEA600001F539B /* CardCornerRadius.swift */; };
		5DBE16EB2FBEA600001F539B /* ScheduleScreenFlat.swift in Sources */ = {isa = PBXBuildFile; fileRef = 5DBE16EC2FBEA600001F539B /* ScheduleScreenFlat.swift */; };
		AC1001022FC0A4DA00CBF713 /* MainScreen.swift in Sources */ = {isa = PBXBuildFile; fileRef = AC1001012FC0A4DA00CBF713 /* MainScreen.swift */; };
		AC1002022FC0A4DA00CBF713 /* TaskScreen.swift in Sources */ = {isa = PBXBuildFile; fileRef = AC1002012FC0A4DA00CBF713 /* TaskScreen.swift */; };
		AC1003022FC0A4DA00CBF713 /* ScheduleViewModel.swift in Sources */ = {isa = PBXBuildFile; fileRef = AC1003012FC0A4DA00CBF713 /* ScheduleViewModel.swift */; };
		AC1004022FC0A4DA00CBF713 /* NewScheduleRow.swift in Sources */ = {isa = PBXBuildFile; fileRef = AC1004012FC0A4DA00CBF713 /* NewScheduleRow.swift */; };
		AC2001022FD9000000AC0001 /* CreateANewCourseView.swift in Sources */ = {isa = PBXBuildFile; fileRef = AC2001012FD9000000AC0001 /* CreateANewCourseView.swift */; };
		AC2002022FD9000000AC0002 /* CourseDetailsPopover.swift in Sources */ = {isa = PBXBuildFile; fileRef = AC2002012FD9000000AC0002 /* CourseDetailsPopover.swift */; };
		AC3001022FD9000000AC0003 /* CreateANewEventView.swift in Sources */ = {isa = PBXBuildFile; fileRef = AC3001012FD9000000AC0003 /* CreateANewEventView.swift */; };
		AC3002022FD9000000AC0004 /* EditEventView.swift in Sources */ = {isa = PBXBuildFile; fileRef = AC3002012FD9000000AC0004 /* EditEventView.swift */; };
		AC3003022FD9000000AC0005 /* EventDetailsPopover.swift in Sources */ = {isa = PBXBuildFile; fileRef = AC3003012FD9000000AC0005 /* EventDetailsPopover.swift */; };
		CC0001022FD9000000CC0001 /* CycleSelection.swift in Sources */ = {isa = PBXBuildFile; fileRef = CC0001012FD9000000CC0001 /* CycleSelection.swift */; };
		CC0002022FD9000000CC0002 /* DateSelection.swift in Sources */ = {isa = PBXBuildFile; fileRef = CC0002012FD9000000CC0002 /* DateSelection.swift */; };
		CC0003022FD9000000CC0003 /* EventDateSelection.swift in Sources */ = {isa = PBXBuildFile; fileRef = CC0003012FD9000000CC0003 /* EventDateSelection.swift */; };
		CC0004022FD9000000CC0004 /* EventCycleTypeButton.swift in Sources */ = {isa = PBXBuildFile; fileRef = CC0004012FD9000000CC0004 /* EventCycleTypeButton.swift */; };
		DD0001022FD9000000DD0001 /* CycleSelectionSection.swift in Sources */ = {isa = PBXBuildFile; fileRef = DD0001012FD9000000DD0001 /* CycleSelectionSection.swift */; };
		DD0002022FD9000000DD0002 /* DateSelectionSection.swift in Sources */ = {isa = PBXBuildFile; fileRef = DD0002012FD9000000DD0002 /* DateSelectionSection.swift */; };
		DD0003022FD9000000DD0003 /* CourseSessionSelectionSection.swift in Sources */ = {isa = PBXBuildFile; fileRef = DD0003012FD9000000DD0003 /* CourseSessionSelectionSection.swift */; };
		DD0004022FD9000000DD0004 /* EventSelectionSection.swift in Sources */ = {isa = PBXBuildFile; fileRef = DD0004012FD9000000DD0004 /* EventSelectionSection.swift */; };
		EE0001022FD9000000EE0001 /* SelectWeekTitle.swift in Sources */ = {isa = PBXBuildFile; fileRef = EE0001012FD9000000EE0001 /* SelectWeekTitle.swift */; };
		EE0002022FD9000000EE0002 /* SelectWeekRow.swift in Sources */ = {isa = PBXBuildFile; fileRef = EE0002012FD9000000EE0002 /* SelectWeekRow.swift */; };
		EF0001022FE0000000EF0001 /* EditCourseBoardCell.swift in Sources */ = {isa = PBXBuildFile; fileRef = EF0001012FE0000000EF0001 /* EditCourseBoardCell.swift */; };
		EF0002022FE0000000EF0002 /* EditCourseSelectCell.swift in Sources */ = {isa = PBXBuildFile; fileRef = EF0002012FE0000000EF0002 /* EditCourseSelectCell.swift */; };
		EF0003022FE0000000EF0003 /* EditCourseSelectButtonCell.swift in Sources */ = {isa = PBXBuildFile; fileRef = EF0003012FE0000000EF0003 /* EditCourseSelectButtonCell.swift */; };
		F20000112FF1000000F20001 /* CourseCardInstance.swift in Sources */ = {isa = PBXBuildFile; fileRef = F20000102FF1000000F20001 /* CourseCardInstance.swift */; };
		F20000212FF1000000F20002 /* CourseTask.swift in Sources */ = {isa = PBXBuildFile; fileRef = F20000202FF1000000F20002 /* CourseTask.swift */; };
		F20000312FF1000000F20003 /* TaskButtonPlus.swift in Sources */ = {isa = PBXBuildFile; fileRef = F20000302FF1000000F20003 /* TaskButtonPlus.swift */; };
		F20000412FF1000000F20004 /* TaskButtonReduction.swift in Sources */ = {isa = PBXBuildFile; fileRef = F20000402FF1000000F20004 /* TaskButtonReduction.swift */; };
		F20000512FF1000000F20005 /* EditTaskBlankCell.swift in Sources */ = {isa = PBXBuildFile; fileRef = F20000502FF1000000F20005 /* EditTaskBlankCell.swift */; };
		F20000612FF1000000F20006 /* EditTaskCell.swift in Sources */ = {isa = PBXBuildFile; fileRef = F20000602FF1000000F20006 /* EditTaskCell.swift */; };
		F20000712FF1000000F20007 /* TaskListCell.swift in Sources */ = {isa = PBXBuildFile; fileRef = F20000702FF1000000F20007 /* TaskListCell.swift */; };
		F20000812FF1000000F20008 /* CourseTaskPopover.swift in Sources */ = {isa = PBXBuildFile; fileRef = F20000802FF1000000F20008 /* CourseTaskPopover.swift */; };
		F20000912FF1000000F20009 /* ScheduleView+TaskList.swift in Sources */ = {isa = PBXBuildFile; fileRef = F20000902FF1000000F20009 /* ScheduleView+TaskList.swift */; };
/* End PBXBuildFile section */

/* Begin PBXFileReference section */
		5D59CD572FC097DF00CBF713 /* Assets.xcassets */ = {isa = PBXFileReference; lastKnownFileType = folder.assetcatalog; path = Assets.xcassets; sourceTree = "<group>"; };
		5D59CD5A2FC097DF00CBF713 /* timetableApp.swift */ = {isa = PBXFileReference; lastKnownFileType = sourcecode.swift; path = timetableApp.swift; sourceTree = "<group>"; };
		5D59CD612FC0A4DA00CBF713 /* ScheduleScreen.swift */ = {isa = PBXFileReference; lastKnownFileType = sourcecode.swift; path = ScheduleScreen.swift; sourceTree = "<group>"; };
		5D59CD652FC0A54000CBF713 /* EventCard.swift */ = {isa = PBXFileReference; lastKnownFileType = sourcecode.swift; path = EventCard.swift; sourceTree = "<group>"; };
		5D59CD682FC0A59800CBF713 /* WeekDateBar.swift */ = {isa = PBXFileReference; lastKnownFileType = sourcecode.swift; path = WeekDateBar.swift; sourceTree = "<group>"; };
		5D59CD6A2FC0A5A400CBF713 /* TimeAxis.swift */ = {isa = PBXFileReference; lastKnownFileType = sourcecode.swift; path = TimeAxis.swift; sourceTree = "<group>"; };
		5D59CD6D2FC0A66300CBF713 /* AppColors.swift */ = {isa = PBXFileReference; lastKnownFileType = sourcecode.swift; path = AppColors.swift; sourceTree = "<group>"; };
		5D59CD752FC0A7F800CBF713 /* AppFonts.swift */ = {isa = PBXFileReference; lastKnownFileType = sourcecode.swift; path = AppFonts.swift; sourceTree = "<group>"; };
		5D59CD782FC0A80C00CBF713 /* AppSpacing.swift */ = {isa = PBXFileReference; lastKnownFileType = sourcecode.swift; path = AppSpacing.swift; sourceTree = "<group>"; };
		5D59CD7B2FC0A8D400CBF713 /* CircleIconButton.swift */ = {isa = PBXFileReference; lastKnownFileType = sourcecode.swift; path = CircleIconButton.swift; sourceTree = "<group>"; };
		5D59CD7D2FC0A8E600CBF713 /* EmptySlotCard.swift */ = {isa = PBXFileReference; lastKnownFileType = sourcecode.swift; path = EmptySlotCard.swift; sourceTree = "<group>"; };
		5D59CD802FC0A8FA00CBF713 /* DateCell.swift */ = {isa = PBXFileReference; lastKnownFileType = sourcecode.swift; path = DateCell.swift; sourceTree = "<group>"; };
		5D59CD822FC0A92300CBF713 /* TimeAxisCell.swift */ = {isa = PBXFileReference; lastKnownFileType = sourcecode.swift; path = TimeAxisCell.swift; sourceTree = "<group>"; };
		5D59CD842FC0A95300CBF713 /* BottomToggleBar.swift */ = {isa = PBXFileReference; lastKnownFileType = sourcecode.swift; path = BottomToggleBar.swift; sourceTree = "<group>"; };
		5DA2BA612FD102E900989582 /* MiSans-Medium.ttf */ = {isa = PBXFileReference; lastKnownFileType = file; path = "MiSans-Medium.ttf"; sourceTree = "<group>"; };
		5DA2BA632FD1030700989582 /* MiSans-Regular.ttf */ = {isa = PBXFileReference; lastKnownFileType = file; path = "MiSans-Regular.ttf"; sourceTree = "<group>"; };
		5DBE16C52FBD9956001F539B /* timetable.app */ = {isa = PBXFileReference; explicitFileType = wrapper.application; includeInIndex = 0; path = timetable.app; sourceTree = BUILT_PRODUCTS_DIR; };
		5DBE16D92FBDDE94001F539B /* CourseCard.swift */ = {isa = PBXFileReference; lastKnownFileType = sourcecode.swift; path = CourseCard.swift; sourceTree = "<group>"; };
		5DBE16DB2FBEA512001F539B /* TopHeader.swift */ = {isa = PBXFileReference; lastKnownFileType = sourcecode.swift; path = TopHeader.swift; sourceTree = "<group>"; };
		5DBE16DE2FBEA600001F539B /* Course.swift */ = {isa = PBXFileReference; lastKnownFileType = sourcecode.swift; path = Course.swift; sourceTree = "<group>"; };
		5DBE16DF2FBEA600001F539B /* ScheduleEvent.swift */ = {isa = PBXFileReference; lastKnownFileType = sourcecode.swift; path = ScheduleEvent.swift; sourceTree = "<group>"; };
		5DBE16E02FBEA600001F539B /* MockData.swift */ = {isa = PBXFileReference; lastKnownFileType = sourcecode.swift; path = MockData.swift; sourceTree = "<group>"; };
		5DBE16E52FBEA600001F539B /* TimetableConfig.swift */ = {isa = PBXFileReference; lastKnownFileType = sourcecode.swift; path = TimetableConfig.swift; sourceTree = "<group>"; };
		5DBE16E72FBEA600001F539B /* TimeMapper.swift */ = {isa = PBXFileReference; lastKnownFileType = sourcecode.swift; path = TimeMapper.swift; sourceTree = "<group>"; };
		5DBE16EA2FBEA600001F539B /* CardCornerRadius.swift */ = {isa = PBXFileReference; lastKnownFileType = sourcecode.swift; path = CardCornerRadius.swift; sourceTree = "<group>"; };
		5DBE16EC2FBEA600001F539B /* ScheduleScreenFlat.swift */ = {isa = PBXFileReference; lastKnownFileType = sourcecode.swift; path = ScheduleScreenFlat.swift; sourceTree = "<group>"; };
		AC1001012FC0A4DA00CBF713 /* MainScreen.swift */ = {isa = PBXFileReference; lastKnownFileType = sourcecode.swift; path = MainScreen.swift; sourceTree = "<group>"; };
		AC1002012FC0A4DA00CBF713 /* TaskScreen.swift */ = {isa = PBXFileReference; lastKnownFileType = sourcecode.swift; path = TaskScreen.swift; sourceTree = "<group>"; };
		AC1003012FC0A4DA00CBF713 /* ScheduleViewModel.swift */ = {isa = PBXFileReference; lastKnownFileType = sourcecode.swift; path = ScheduleViewModel.swift; sourceTree = "<group>"; };
		AC1004012FC0A4DA00CBF713 /* NewScheduleRow.swift */ = {isa = PBXFileReference; lastKnownFileType = sourcecode.swift; path = NewScheduleRow.swift; sourceTree = "<group>"; };
		AC2001012FD9000000AC0001 /* CreateANewCourseView.swift */ = {isa = PBXFileReference; lastKnownFileType = sourcecode.swift; path = CreateANewCourseView.swift; sourceTree = "<group>"; };
		AC2002012FD9000000AC0002 /* CourseDetailsPopover.swift */ = {isa = PBXFileReference; lastKnownFileType = sourcecode.swift; path = CourseDetailsPopover.swift; sourceTree = "<group>"; };
		AC3001012FD9000000AC0003 /* CreateANewEventView.swift */ = {isa = PBXFileReference; lastKnownFileType = sourcecode.swift; path = CreateANewEventView.swift; sourceTree = "<group>"; };
		AC3002012FD9000000AC0004 /* EditEventView.swift */ = {isa = PBXFileReference; lastKnownFileType = sourcecode.swift; path = EditEventView.swift; sourceTree = "<group>"; };
		AC3003012FD9000000AC0005 /* EventDetailsPopover.swift */ = {isa = PBXFileReference; lastKnownFileType = sourcecode.swift; path = EventDetailsPopover.swift; sourceTree = "<group>"; };
		CC0001012FD9000000CC0001 /* CycleSelection.swift */ = {isa = PBXFileReference; lastKnownFileType = sourcecode.swift; path = CycleSelection.swift; sourceTree = "<group>"; };
		CC0002012FD9000000CC0002 /* DateSelection.swift */ = {isa = PBXFileReference; lastKnownFileType = sourcecode.swift; path = DateSelection.swift; sourceTree = "<group>"; };
		CC0003012FD9000000CC0003 /* EventDateSelection.swift */ = {isa = PBXFileReference; lastKnownFileType = sourcecode.swift; path = EventDateSelection.swift; sourceTree = "<group>"; };
		CC0004012FD9000000CC0004 /* EventCycleTypeButton.swift */ = {isa = PBXFileReference; lastKnownFileType = sourcecode.swift; path = EventCycleTypeButton.swift; sourceTree = "<group>"; };
		DD0001012FD9000000DD0001 /* CycleSelectionSection.swift */ = {isa = PBXFileReference; lastKnownFileType = sourcecode.swift; path = CycleSelectionSection.swift; sourceTree = "<group>"; };
		DD0002012FD9000000DD0002 /* DateSelectionSection.swift */ = {isa = PBXFileReference; lastKnownFileType = sourcecode.swift; path = DateSelectionSection.swift; sourceTree = "<group>"; };
		DD0003012FD9000000DD0003 /* CourseSessionSelectionSection.swift */ = {isa = PBXFileReference; lastKnownFileType = sourcecode.swift; path = CourseSessionSelectionSection.swift; sourceTree = "<group>"; };
		DD0004012FD9000000DD0004 /* EventSelectionSection.swift */ = {isa = PBXFileReference; lastKnownFileType = sourcecode.swift; path = EventSelectionSection.swift; sourceTree = "<group>"; };
		EE0001012FD9000000EE0001 /* SelectWeekTitle.swift */ = {isa = PBXFileReference; lastKnownFileType = sourcecode.swift; path = SelectWeekTitle.swift; sourceTree = "<group>"; };
		EE0002012FD9000000EE0002 /* SelectWeekRow.swift */ = {isa = PBXFileReference; lastKnownFileType = sourcecode.swift; path = SelectWeekRow.swift; sourceTree = "<group>"; };
		EF0001012FE0000000EF0001 /* EditCourseBoardCell.swift */ = {isa = PBXFileReference; lastKnownFileType = sourcecode.swift; path = EditCourseBoardCell.swift; sourceTree = "<group>"; };
		EF0002012FE0000000EF0002 /* EditCourseSelectCell.swift */ = {isa = PBXFileReference; lastKnownFileType = sourcecode.swift; path = EditCourseSelectCell.swift; sourceTree = "<group>"; };
		EF0003012FE0000000EF0003 /* EditCourseSelectButtonCell.swift */ = {isa = PBXFileReference; lastKnownFileType = sourcecode.swift; path = EditCourseSelectButtonCell.swift; sourceTree = "<group>"; };
		F10000022FE1000000F10002 /* courses_and_tasks.json */ = {isa = PBXFileReference; lastKnownFileType = text.json; path = courses_and_tasks.json; sourceTree = "<group>"; };
		F10000032FE1000000F10003 /* events.json */ = {isa = PBXFileReference; lastKnownFileType = text.json; path = events.json; sourceTree = "<group>"; };
		F10000042FE1000000F10004 /* timetable_config.json */ = {isa = PBXFileReference; lastKnownFileType = text.json; path = timetable_config.json; sourceTree = "<group>"; };
		F20000102FF1000000F20001 /* CourseCardInstance.swift */ = {isa = PBXFileReference; lastKnownFileType = sourcecode.swift; path = CourseCardInstance.swift; sourceTree = "<group>"; };
		F20000202FF1000000F20002 /* CourseTask.swift */ = {isa = PBXFileReference; lastKnownFileType = sourcecode.swift; path = CourseTask.swift; sourceTree = "<group>"; };
		F20000302FF1000000F20003 /* TaskButtonPlus.swift */ = {isa = PBXFileReference; lastKnownFileType = sourcecode.swift; path = TaskButtonPlus.swift; sourceTree = "<group>"; };
		F20000402FF1000000F20004 /* TaskButtonReduction.swift */ = {isa = PBXFileReference; lastKnownFileType = sourcecode.swift; path = TaskButtonReduction.swift; sourceTree = "<group>"; };
		F20000502FF1000000F20005 /* EditTaskBlankCell.swift */ = {isa = PBXFileReference; lastKnownFileType = sourcecode.swift; path = EditTaskBlankCell.swift; sourceTree = "<group>"; };
		F20000602FF1000000F20006 /* EditTaskCell.swift */ = {isa = PBXFileReference; lastKnownFileType = sourcecode.swift; path = EditTaskCell.swift; sourceTree = "<group>"; };
		F20000702FF1000000F20007 /* TaskListCell.swift */ = {isa = PBXFileReference; lastKnownFileType = sourcecode.swift; path = TaskListCell.swift; sourceTree = "<group>"; };
		F20000802FF1000000F20008 /* CourseTaskPopover.swift */ = {isa = PBXFileReference; lastKnownFileType = sourcecode.swift; path = CourseTaskPopover.swift; sourceTree = "<group>"; };
		F20000902FF1000000F20009 /* ScheduleView+TaskList.swift */ = {isa = PBXFileReference; lastKnownFileType = sourcecode.swift; path = "ScheduleView+TaskList.swift"; sourceTree = "<group>"; };
/* End PBXFileReference section */

/* Begin PBXFrameworksBuildPhase section */
		5DBE16C22FBD9956001F539B /* Frameworks */ = {
			isa = PBXFrameworksBuildPhase;
			buildActionMask = 2147483647;
			files = (
			);
			runOnlyForDeploymentPostprocessing = 0;
		};
/* End PBXFrameworksBuildPhase section */

/* Begin PBXGroup section */
		5D59CD602FC0A29000CBF713 /* Components */ = {
			isa = PBXGroup;
			children = (
				5D59CD7A2FC0A82300CBF713 /* Buttons */,
				5D59CD7F2FC0A8EF00CBF713 /* Cells */,
				5D59CD642FC0A52000CBF713 /* Cards */,
				5D59CD672FC0A57200CBF713 /* Sections */,
				AC1005012FC0A4DA00CBF713 /* Forms */,
			);
			path = Components;
			sourceTree = "<group>";
		};
		AC1005012FC0A4DA00CBF713 /* Forms */ = {
			isa = PBXGroup;
			children = (
				AC1004012FC0A4DA00CBF713 /* NewScheduleRow.swift */,
			);
			path = Forms;
			sourceTree = "<group>";
		};
		5D59CD632FC0A4F200CBF713 /* Screens */ = {
			isa = PBXGroup;
			children = (
				AC1001012FC0A4DA00CBF713 /* MainScreen.swift */,
				AC2001012FD9000000AC0001 /* CreateANewCourseView.swift */,
				AC3001012FD9000000AC0003 /* CreateANewEventView.swift */,
				AC3002012FD9000000AC0004 /* EditEventView.swift */,
				AC1002012FC0A4DA00CBF713 /* TaskScreen.swift */,
				5D59CD612FC0A4DA00CBF713 /* ScheduleScreen.swift */,
				F20000902FF1000000F20009 /* ScheduleView+TaskList.swift */,
				5DBE16EC2FBEA600001F539B /* ScheduleScreenFlat.swift */,
			);
			path = Screens;
			sourceTree = "<group>";
		};
		5D59CD642FC0A52000CBF713 /* Cards */ = {
			isa = PBXGroup;
			children = (
				5DBE16D92FBDDE94001F539B /* CourseCard.swift */,
				5D59CD652FC0A54000CBF713 /* EventCard.swift */,
				5D59CD7D2FC0A8E600CBF713 /* EmptySlotCard.swift */,
				CC0001012FD9000000CC0001 /* CycleSelection.swift */,
				CC0002012FD9000000CC0002 /* DateSelection.swift */,
				CC0003012FD9000000CC0003 /* EventDateSelection.swift */,
				CC0004012FD9000000CC0004 /* EventCycleTypeButton.swift */,
			);
			path = Cards;
			sourceTree = "<group>";
		};
		5D59CD672FC0A57200CBF713 /* Sections */ = {
			isa = PBXGroup;
			children = (
				5DBE16DB2FBEA512001F539B /* TopHeader.swift */,
				5D59CD682FC0A59800CBF713 /* WeekDateBar.swift */,
				5D59CD6A2FC0A5A400CBF713 /* TimeAxis.swift */,
				5D59CD842FC0A95300CBF713 /* BottomToggleBar.swift */,
				AC2002012FD9000000AC0002 /* CourseDetailsPopover.swift */,
				AC3003012FD9000000AC0005 /* EventDetailsPopover.swift */,
				F20000802FF1000000F20008 /* CourseTaskPopover.swift */,
				DD0001012FD9000000DD0001 /* CycleSelectionSection.swift */,
				DD0002012FD9000000DD0002 /* DateSelectionSection.swift */,
				DD0003012FD9000000DD0003 /* CourseSessionSelectionSection.swift */,
				DD0004012FD9000000DD0004 /* EventSelectionSection.swift */,
			);
			path = Sections;
			sourceTree = "<group>";
		};
		5D59CD6C2FC0A60B00CBF713 /* DesignSystem */ = {
			isa = PBXGroup;
			children = (
				5D59CD772FC0A80100CBF713 /* Spacing */,
				5D59CD742FC0A7EC00CBF713 /* Typography */,
				5D59CD6F2FC0A74000CBF713 /* Colors */,
			);
			path = DesignSystem;
			sourceTree = "<group>";
		};
		5D59CD6F2FC0A74000CBF713 /* Colors */ = {
			isa = PBXGroup;
			children = (
				5D59CD6D2FC0A66300CBF713 /* AppColors.swift */,
				5DBE16EA2FBEA600001F539B /* CardCornerRadius.swift */,
			);
			path = Colors;
			sourceTree = "<group>";
		};
		5D59CD742FC0A7EC00CBF713 /* Typography */ = {
			isa = PBXGroup;
			children = (
				5D59CD752FC0A7F800CBF713 /* AppFonts.swift */,
				5DA2BA612FD102E900989582 /* MiSans-Medium.ttf */,
				5DA2BA632FD1030700989582 /* MiSans-Regular.ttf */,
			);
			path = Typography;
			sourceTree = "<group>";
		};
		5D59CD772FC0A80100CBF713 /* Spacing */ = {
			isa = PBXGroup;
			children = (
				5D59CD782FC0A80C00CBF713 /* AppSpacing.swift */,
			);
			path = Spacing;
			sourceTree = "<group>";
		};
		5D59CD7A2FC0A82300CBF713 /* Buttons */ = {
			isa = PBXGroup;
			children = (
				5D59CD7B2FC0A8D400CBF713 /* CircleIconButton.swift */,
				F20000302FF1000000F20003 /* TaskButtonPlus.swift */,
				F20000402FF1000000F20004 /* TaskButtonReduction.swift */,
			);
			path = Buttons;
			sourceTree = "<group>";
		};
		5D59CD7F2FC0A8EF00CBF713 /* Cells */ = {
			isa = PBXGroup;
			children = (
				5D59CD802FC0A8FA00CBF713 /* DateCell.swift */,
				5D59CD822FC0A92300CBF713 /* TimeAxisCell.swift */,
				EE0001012FD9000000EE0001 /* SelectWeekTitle.swift */,
				EE0002012FD9000000EE0002 /* SelectWeekRow.swift */,
				EF0001012FE0000000EF0001 /* EditCourseBoardCell.swift */,
				EF0002012FE0000000EF0002 /* EditCourseSelectCell.swift */,
				EF0003012FE0000000EF0003 /* EditCourseSelectButtonCell.swift */,
				F20000502FF1000000F20005 /* EditTaskBlankCell.swift */,
				F20000602FF1000000F20006 /* EditTaskCell.swift */,
				F20000702FF1000000F20007 /* TaskListCell.swift */,
			);
			path = Cells;
			sourceTree = "<group>";
		};
		5DBE16BC2FBD9956001F539B = {
			isa = PBXGroup;
			children = (
				5D59CD572FC097DF00CBF713 /* Assets.xcassets */,
				5D59CD5A2FC097DF00CBF713 /* timetableApp.swift */,
				5D59CD6C2FC0A60B00CBF713 /* DesignSystem */,
				5D59CD602FC0A29000CBF713 /* Components */,
				5D59CD632FC0A4F200CBF713 /* Screens */,
				5DBE16DD2FBEA600001F539B /* Models */,
				F10000052FE1000000F10005 /* MockCache */,
				5DBE16E82FBEA600001F539B /* Helpers */,
				5DBE16C62FBD9956001F539B /* Products */,
			);
			sourceTree = "<group>";
		};
		5DBE16C62FBD9956001F539B /* Products */ = {
			isa = PBXGroup;
			children = (
				5DBE16C52FBD9956001F539B /* timetable.app */,
			);
			name = Products;
			sourceTree = "<group>";
		};
		5DBE16DD2FBEA600001F539B /* Models */ = {
			isa = PBXGroup;
			children = (
				5DBE16DE2FBEA600001F539B /* Course.swift */,
				F20000102FF1000000F20001 /* CourseCardInstance.swift */,
				F20000202FF1000000F20002 /* CourseTask.swift */,
				AC1003012FC0A4DA00CBF713 /* ScheduleViewModel.swift */,
				5DBE16DF2FBEA600001F539B /* ScheduleEvent.swift */,
				5DBE16E02FBEA600001F539B /* MockData.swift */,
				5DBE16E52FBEA600001F539B /* TimetableConfig.swift */,
			);
			path = Models;
			sourceTree = "<group>";
		};
		F10000052FE1000000F10005 /* MockCache */ = {
			isa = PBXGroup;
			children = (
				F10000022FE1000000F10002 /* courses_and_tasks.json */,
				F10000032FE1000000F10003 /* events.json */,
				F10000042FE1000000F10004 /* timetable_config.json */,
			);
			path = MockCache;
			sourceTree = "<group>";
		};
		5DBE16E82FBEA600001F539B /* Helpers */ = {
			isa = PBXGroup;
			children = (
				5DBE16E72FBEA600001F539B /* TimeMapper.swift */,
			);
			path = Helpers;
			sourceTree = "<group>";
		};
/* End PBXGroup section */

/* Begin PBXNativeTarget section */
		5DBE16C42FBD9956001F539B /* timetable */ = {
			isa = PBXNativeTarget;
			buildConfigurationList = 5DBE16D02FBD9958001F539B /* Build configuration list for PBXNativeTarget "timetable" */;
			buildPhases = (
				5DBE16C12FBD9956001F539B /* Sources */,
				5DBE16C22FBD9956001F539B /* Frameworks */,
				5DBE16C32FBD9956001F539B /* Resources */,
			);
			buildRules = (
			);
			dependencies = (
			);
			name = timetable;
			packageProductDependencies = (
			);
			productName = timetable;
			productReference = 5DBE16C52FBD9956001F539B /* timetable.app */;
			productType = "com.apple.product-type.application";
		};
/* End PBXNativeTarget section */

/* Begin PBXProject section */
		5DBE16BD2FBD9956001F539B /* Project object */ = {
			isa = PBXProject;
			attributes = {
				BuildIndependentTargetsInParallel = 1;
				LastSwiftUpdateCheck = 2650;
				LastUpgradeCheck = 2650;
				TargetAttributes = {
					5DBE16C42FBD9956001F539B = {
						CreatedOnToolsVersion = 26.5;
					};
				};
			};
			buildConfigurationList = 5DBE16C02FBD9956001F539B /* Build configuration list for PBXProject "timetable" */;
			developmentRegion = en;
			hasScannedForEncodings = 0;
			knownRegions = (
				en,
				Base,
			);
			mainGroup = 5DBE16BC2FBD9956001F539B;
			minimizedProjectReferenceProxies = 1;
			preferredProjectObjectVersion = 77;
			productRefGroup = 5DBE16C62FBD9956001F539B /* Products */;
			projectDirPath = "";
			projectRoot = "";
			targets = (
				5DBE16C42FBD9956001F539B /* timetable */,
			);
		};
/* End PBXProject section */

/* Begin PBXResourcesBuildPhase section */
		5DBE16C32FBD9956001F539B /* Resources */ = {
			isa = PBXResourcesBuildPhase;
			buildActionMask = 2147483647;
			files = (
				5DA2BA622FD102E900989582 /* MiSans-Medium.ttf in Resources */,
				5D59CD5E2FC097DF00CBF713 /* Assets.xcassets in Resources */,
				5DA2BA642FD1030700989582 /* MiSans-Regular.ttf in Resources */,
			);
			runOnlyForDeploymentPostprocessing = 0;
		};
/* End PBXResourcesBuildPhase section */

/* Begin PBXSourcesBuildPhase section */
		5DBE16C12FBD9956001F539B /* Sources */ = {
			isa = PBXSourcesBuildPhase;
			buildActionMask = 2147483647;
			files = (
				5DBE16DA2FBDDE94001F539B /* CourseCard.swift in Sources */,
				5D59CD832FC0A92300CBF713 /* TimeAxisCell.swift in Sources */,
				5D59CD812FC0A8FA00CBF713 /* DateCell.swift in Sources */,
				5D59CD7E2FC0A8E600CBF713 /* EmptySlotCard.swift in Sources */,
				5D59CD792FC0A80C00CBF713 /* AppSpacing.swift in Sources */,
				5D59CD6E2FC0A66300CBF713 /* AppColors.swift in Sources */,
				5DBE16DC2FBEA512001F539B /* TopHeader.swift in Sources */,
				5D59CD7C2FC0A8D400CBF713 /* CircleIconButton.swift in Sources */,
				5D59CD622FC0A4DA00CBF713 /* ScheduleScreen.swift in Sources */,
				5D59CD762FC0A7F800CBF713 /* AppFonts.swift in Sources */,
				5D59CD692FC0A59800CBF713 /* WeekDateBar.swift in Sources */,
				5D59CD5D2FC097DF00CBF713 /* timetableApp.swift in Sources */,
				5D59CD852FC0A95300CBF713 /* BottomToggleBar.swift in Sources */,
				5D59CD662FC0A54000CBF713 /* EventCard.swift in Sources */,
				5D59CD6B2FC0A5A400CBF713 /* TimeAxis.swift in Sources */,
				5DBE16E12FBEA600001F539B /* Course.swift in Sources */,
				5DBE16E22FBEA600001F539B /* ScheduleEvent.swift in Sources */,
				5DBE16E32FBEA600001F539B /* MockData.swift in Sources */,
				5DBE16E42FBEA600001F539B /* TimetableConfig.swift in Sources */,
				5DBE16E62FBEA600001F539B /* TimeMapper.swift in Sources */,
				5DBE16E92FBEA600001F539B /* CardCornerRadius.swift in Sources */,
				5DBE16EB2FBEA600001F539B /* ScheduleScreenFlat.swift in Sources */,
				AC1001022FC0A4DA00CBF713 /* MainScreen.swift in Sources */,
				AC1002022FC0A4DA00CBF713 /* TaskScreen.swift in Sources */,
				AC1003022FC0A4DA00CBF713 /* ScheduleViewModel.swift in Sources */,
				AC1004022FC0A4DA00CBF713 /* NewScheduleRow.swift in Sources */,
				F20000112FF1000000F20001 /* CourseCardInstance.swift in Sources */,
				F20000212FF1000000F20002 /* CourseTask.swift in Sources */,
				AC2001022FD9000000AC0001 /* CreateANewCourseView.swift in Sources */,
				AC2002022FD9000000AC0002 /* CourseDetailsPopover.swift in Sources */,
				F20000912FF1000000F20009 /* ScheduleView+TaskList.swift in Sources */,
				AC3001022FD9000000AC0003 /* CreateANewEventView.swift in Sources */,
				AC3002022FD9000000AC0004 /* EditEventView.swift in Sources */,
				AC3003022FD9000000AC0005 /* EventDetailsPopover.swift in Sources */,
				CC0001022FD9000000CC0001 /* CycleSelection.swift in Sources */,
				CC0002022FD9000000CC0002 /* DateSelection.swift in Sources */,
				CC0003022FD9000000CC0003 /* EventDateSelection.swift in Sources */,
				CC0004022FD9000000CC0004 /* EventCycleTypeButton.swift in Sources */,
				DD0001022FD9000000DD0001 /* CycleSelectionSection.swift in Sources */,
				DD0002022FD9000000DD0002 /* DateSelectionSection.swift in Sources */,
				DD0003022FD9000000DD0003 /* CourseSessionSelectionSection.swift in Sources */,
				DD0004022FD9000000DD0004 /* EventSelectionSection.swift in Sources */,
				EE0001022FD9000000EE0001 /* SelectWeekTitle.swift in Sources */,
				EE0002022FD9000000EE0002 /* SelectWeekRow.swift in Sources */,
				EF0001022FE0000000EF0001 /* EditCourseBoardCell.swift in Sources */,
				EF0002022FE0000000EF0002 /* EditCourseSelectCell.swift in Sources */,
				EF0003022FE0000000EF0003 /* EditCourseSelectButtonCell.swift in Sources */,
				F20000312FF1000000F20003 /* TaskButtonPlus.swift in Sources */,
				F20000412FF1000000F20004 /* TaskButtonReduction.swift in Sources */,
				F20000512FF1000000F20005 /* EditTaskBlankCell.swift in Sources */,
				F20000612FF1000000F20006 /* EditTaskCell.swift in Sources */,
				F20000712FF1000000F20007 /* TaskListCell.swift in Sources */,
				F20000812FF1000000F20008 /* CourseTaskPopover.swift in Sources */,
			);
			runOnlyForDeploymentPostprocessing = 0;
		};
/* End PBXSourcesBuildPhase section */

/* Begin XCBuildConfiguration section */
		5DBE16CE2FBD9958001F539B /* Debug */ = {
			isa = XCBuildConfiguration;
			buildSettings = {
				ALWAYS_SEARCH_USER_PATHS = NO;
				ASSETCATALOG_COMPILER_GENERATE_SWIFT_ASSET_SYMBOL_EXTENSIONS = YES;
				CLANG_ANALYZER_NONNULL = YES;
				CLANG_ANALYZER_NUMBER_OBJECT_CONVERSION = YES_AGGRESSIVE;
				CLANG_CXX_LANGUAGE_STANDARD = "gnu++20";
				CLANG_ENABLE_MODULES = YES;
				CLANG_ENABLE_OBJC_ARC = YES;
				CLANG_ENABLE_OBJC_WEAK = YES;
				CLANG_WARN_BLOCK_CAPTURE_AUTORELEASING = YES;
				CLANG_WARN_BOOL_CONVERSION = YES;
				CLANG_WARN_COMMA = YES;
				CLANG_WARN_CONSTANT_CONVERSION = YES;
				CLANG_WARN_DEPRECATED_OBJC_IMPLEMENTATIONS = YES;
				CLANG_WARN_DIRECT_OBJC_ISA_USAGE = YES_ERROR;
				CLANG_WARN_DOCUMENTATION_COMMENTS = YES;
				CLANG_WARN_EMPTY_BODY = YES;
				CLANG_WARN_ENUM_CONVERSION = YES;
				CLANG_WARN_INFINITE_RECURSION = YES;
				CLANG_WARN_INT_CONVERSION = YES;
				CLANG_WARN_NON_LITERAL_NULL_CONVERSION = YES;
				CLANG_WARN_OBJC_IMPLICIT_RETAIN_SELF = YES;
				CLANG_WARN_OBJC_LITERAL_CONVERSION = YES;
				CLANG_WARN_OBJC_ROOT_CLASS = YES_ERROR;
				CLANG_WARN_QUOTED_INCLUDE_IN_FRAMEWORK_HEADER = YES;
				CLANG_WARN_RANGE_LOOP_ANALYSIS = YES;
				CLANG_WARN_STRICT_PROTOTYPES = YES;
				CLANG_WARN_SUSPICIOUS_MOVE = YES;
				CLANG_WARN_UNGUARDED_AVAILABILITY = YES_AGGRESSIVE;
				CLANG_WARN_UNREACHABLE_CODE = YES;
				CLANG_WARN__DUPLICATE_METHOD_MATCH = YES;
				COPY_PHASE_STRIP = NO;
				DEBUG_INFORMATION_FORMAT = dwarf;
				ENABLE_STRICT_OBJC_MSGSEND = YES;
				ENABLE_TESTABILITY = YES;
				ENABLE_USER_SCRIPT_SANDBOXING = YES;
				GCC_C_LANGUAGE_STANDARD = gnu17;
				GCC_DYNAMIC_NO_PIC = NO;
				GCC_NO_COMMON_BLOCKS = YES;
				GCC_OPTIMIZATION_LEVEL = 0;
				GCC_PREPROCESSOR_DEFINITIONS = (
					"DEBUG=1",
					"$(inherited)",
				);
				GCC_WARN_64_TO_32_BIT_CONVERSION = YES;
				GCC_WARN_ABOUT_RETURN_TYPE = YES_ERROR;
				GCC_WARN_UNDECLARED_SELECTOR = YES;
				GCC_WARN_UNINITIALIZED_AUTOS = YES_AGGRESSIVE;
				GCC_WARN_UNUSED_FUNCTION = YES;
				GCC_WARN_UNUSED_VARIABLE = YES;
				IPHONEOS_DEPLOYMENT_TARGET = 26.5;
				LOCALIZATION_PREFERS_STRING_CATALOGS = YES;
				MTL_ENABLE_DEBUG_INFO = INCLUDE_SOURCE;
				MTL_FAST_MATH = YES;
				ONLY_ACTIVE_ARCH = YES;
				SDKROOT = iphoneos;
				SWIFT_ACTIVE_COMPILATION_CONDITIONS = "DEBUG $(inherited)";
				SWIFT_OPTIMIZATION_LEVEL = "-Onone";
			};
			name = Debug;
		};
		5DBE16CF2FBD9958001F539B /* Release */ = {
			isa = XCBuildConfiguration;
			buildSettings = {
				ALWAYS_SEARCH_USER_PATHS = NO;
				ASSETCATALOG_COMPILER_GENERATE_SWIFT_ASSET_SYMBOL_EXTENSIONS = YES;
				CLANG_ANALYZER_NONNULL = YES;
				CLANG_ANALYZER_NUMBER_OBJECT_CONVERSION = YES_AGGRESSIVE;
				CLANG_CXX_LANGUAGE_STANDARD = "gnu++20";
				CLANG_ENABLE_MODULES = YES;
				CLANG_ENABLE_OBJC_ARC = YES;
				CLANG_ENABLE_OBJC_WEAK = YES;
				CLANG_WARN_BLOCK_CAPTURE_AUTORELEASING = YES;
				CLANG_WARN_BOOL_CONVERSION = YES;
				CLANG_WARN_COMMA = YES;
				CLANG_WARN_CONSTANT_CONVERSION = YES;
				CLANG_WARN_DEPRECATED_OBJC_IMPLEMENTATIONS = YES;
				CLANG_WARN_DIRECT_OBJC_ISA_USAGE = YES_ERROR;
				CLANG_WARN_DOCUMENTATION_COMMENTS = YES;
				CLANG_WARN_EMPTY_BODY = YES;
				CLANG_WARN_ENUM_CONVERSION = YES;
				CLANG_WARN_INFINITE_RECURSION = YES;
				CLANG_WARN_INT_CONVERSION = YES;
				CLANG_WARN_NON_LITERAL_NULL_CONVERSION = YES;
				CLANG_WARN_OBJC_IMPLICIT_RETAIN_SELF = YES;
				CLANG_WARN_OBJC_LITERAL_CONVERSION = YES;
				CLANG_WARN_OBJC_ROOT_CLASS = YES_ERROR;
				CLANG_WARN_QUOTED_INCLUDE_IN_FRAMEWORK_HEADER = YES;
				CLANG_WARN_RANGE_LOOP_ANALYSIS = YES;
				CLANG_WARN_STRICT_PROTOTYPES = YES;
				CLANG_WARN_SUSPICIOUS_MOVE = YES;
				CLANG_WARN_UNGUARDED_AVAILABILITY = YES_AGGRESSIVE;
				CLANG_WARN_UNREACHABLE_CODE = YES;
				CLANG_WARN__DUPLICATE_METHOD_MATCH = YES;
				COPY_PHASE_STRIP = NO;
				DEBUG_INFORMATION_FORMAT = "dwarf-with-dsym";
				ENABLE_NS_ASSERTIONS = NO;
				ENABLE_STRICT_OBJC_MSGSEND = YES;
				ENABLE_USER_SCRIPT_SANDBOXING = YES;
				GCC_C_LANGUAGE_STANDARD = gnu17;
				GCC_NO_COMMON_BLOCKS = YES;
				GCC_WARN_64_TO_32_BIT_CONVERSION = YES;
				GCC_WARN_ABOUT_RETURN_TYPE = YES_ERROR;
				GCC_WARN_UNDECLARED_SELECTOR = YES;
				GCC_WARN_UNINITIALIZED_AUTOS = YES_AGGRESSIVE;
				GCC_WARN_UNUSED_FUNCTION = YES;
				GCC_WARN_UNUSED_VARIABLE = YES;
				IPHONEOS_DEPLOYMENT_TARGET = 26.5;
				LOCALIZATION_PREFERS_STRING_CATALOGS = YES;
				MTL_ENABLE_DEBUG_INFO = NO;
				MTL_FAST_MATH = YES;
				SDKROOT = iphoneos;
				SWIFT_COMPILATION_MODE = wholemodule;
				VALIDATE_PRODUCT = YES;
			};
			name = Release;
		};
		5DBE16D12FBD9958001F539B /* Debug */ = {
			isa = XCBuildConfiguration;
			buildSettings = {
				ASSETCATALOG_COMPILER_APPICON_NAME = AppIcon;
				ASSETCATALOG_COMPILER_GLOBAL_ACCENT_COLOR_NAME = AccentColor;
				CODE_SIGN_STYLE = Automatic;
				CURRENT_PROJECT_VERSION = 1;
				ENABLE_PREVIEWS = YES;
				GENERATE_INFOPLIST_FILE = YES;
				INFOPLIST_KEY_CFBundleDisplayName = Timetable;
				INFOPLIST_KEY_UIApplicationSceneManifest_Generation = YES;
				INFOPLIST_KEY_UIApplicationSupportsIndirectInputEvents = YES;
				INFOPLIST_KEY_UILaunchScreen_Generation = YES;
				INFOPLIST_KEY_UISupportedInterfaceOrientations = UIInterfaceOrientationPortrait;
				INFOPLIST_KEY_UISupportedInterfaceOrientations_iPad = "UIInterfaceOrientationLandscapeLeft UIInterfaceOrientationLandscapeRight UIInterfaceOrientationPortrait UIInterfaceOrientationPortraitUpsideDown";
				IPHONEOS_DEPLOYMENT_TARGET = 17.6;
				LD_RUNPATH_SEARCH_PATHS = (
					"$(inherited)",
					"@executable_path/Frameworks",
				);
				MARKETING_VERSION = 1.0;
				PRODUCT_BUNDLE_IDENTIFIER = com.ale.timetable;
				PRODUCT_NAME = "$(TARGET_NAME)";
				STRING_CATALOG_GENERATE_SYMBOLS = YES;
				SUPPORTED_PLATFORMS = "iphoneos iphonesimulator";
				SUPPORTS_MACCATALYST = NO;
				SUPPORTS_MAC_DESIGNED_FOR_IPHONE_IPAD = NO;
				SUPPORTS_XR_DESIGNED_FOR_IPHONE_IPAD = NO;
				SWIFT_APPROACHABLE_CONCURRENCY = YES;
				SWIFT_DEFAULT_ACTOR_ISOLATION = MainActor;
				SWIFT_EMIT_LOC_STRINGS = YES;
				SWIFT_UPCOMING_FEATURE_MEMBER_IMPORT_VISIBILITY = YES;
				SWIFT_VERSION = 5.0;
				TARGETED_DEVICE_FAMILY = 1;
			};
			name = Debug;
		};
		5DBE16D22FBD9958001F539B /* Release */ = {
			isa = XCBuildConfiguration;
			buildSettings = {
				ASSETCATALOG_COMPILER_APPICON_NAME = AppIcon;
				ASSETCATALOG_COMPILER_GLOBAL_ACCENT_COLOR_NAME = AccentColor;
				CODE_SIGN_STYLE = Automatic;
				CURRENT_PROJECT_VERSION = 1;
				ENABLE_PREVIEWS = YES;
				GENERATE_INFOPLIST_FILE = YES;
				INFOPLIST_KEY_CFBundleDisplayName = Timetable;
				INFOPLIST_KEY_UIApplicationSceneManifest_Generation = YES;
				INFOPLIST_KEY_UIApplicationSupportsIndirectInputEvents = YES;
				INFOPLIST_KEY_UILaunchScreen_Generation = YES;
				INFOPLIST_KEY_UISupportedInterfaceOrientations = UIInterfaceOrientationPortrait;
				INFOPLIST_KEY_UISupportedInterfaceOrientations_iPad = "UIInterfaceOrientationLandscapeLeft UIInterfaceOrientationLandscapeRight UIInterfaceOrientationPortrait UIInterfaceOrientationPortraitUpsideDown";
				IPHONEOS_DEPLOYMENT_TARGET = 17.6;
				LD_RUNPATH_SEARCH_PATHS = (
					"$(inherited)",
					"@executable_path/Frameworks",
				);
				MARKETING_VERSION = 1.0;
				PRODUCT_BUNDLE_IDENTIFIER = com.ale.timetable;
				PRODUCT_NAME = "$(TARGET_NAME)";
				STRING_CATALOG_GENERATE_SYMBOLS = YES;
				SUPPORTED_PLATFORMS = "iphoneos iphonesimulator";
				SUPPORTS_MACCATALYST = NO;
				SUPPORTS_MAC_DESIGNED_FOR_IPHONE_IPAD = NO;
				SUPPORTS_XR_DESIGNED_FOR_IPHONE_IPAD = NO;
				SWIFT_APPROACHABLE_CONCURRENCY = YES;
				SWIFT_DEFAULT_ACTOR_ISOLATION = MainActor;
				SWIFT_EMIT_LOC_STRINGS = YES;
				SWIFT_UPCOMING_FEATURE_MEMBER_IMPORT_VISIBILITY = YES;
				SWIFT_VERSION = 5.0;
				TARGETED_DEVICE_FAMILY = 1;
			};
			name = Release;
		};
/* End XCBuildConfiguration section */

/* Begin XCConfigurationList section */
		5DBE16C02FBD9956001F539B /* Build configuration list for PBXProject "timetable" */ = {
			isa = XCConfigurationList;
			buildConfigurations = (
				5DBE16CE2FBD9958001F539B /* Debug */,
				5DBE16CF2FBD9958001F539B /* Release */,
			);
			defaultConfigurationIsVisible = 0;
			defaultConfigurationName = Release;
		};
		5DBE16D02FBD9958001F539B /* Build configuration list for PBXNativeTarget "timetable" */ = {
			isa = XCConfigurationList;
			buildConfigurations = (
				5DBE16D12FBD9958001F539B /* Debug */,
				5DBE16D22FBD9958001F539B /* Release */,
			);
			defaultConfigurationIsVisible = 0;
			defaultConfigurationName = Release;
		};
/* End XCConfigurationList section */
	};
	rootObject = 5DBE16BD2FBD9956001F539B /* Project object */;
}
